
Microsoft Visual Studio Solution File, Format Version 12.00
# Visual Studio Version 16
VisualStudioVersion = 16.0.33927.289
MinimumVisualStudioVersion = 10.0.40219.1
Project("{FAE04EC0-301F-11D3-BF4B-00C04F79EFBC}") = "console_Tetris", "console_Tetris\console_Tetris.csproj", "{B3B2D927-01C4-44FD-B5FE-42E80914881F}"
EndProject
Global
	GlobalSection(SolutionConfigurationPlatforms) = preSolution
		Debug|Any CPU = Debug|Any CPU
		Release|Any CPU = Release|Any CPU
	EndGlobalSection
	GlobalSection(ProjectConfigurationPlatforms) = postSolution
		{B3B2D927-01C4-44FD-B5FE-42E80914881F}.Debug|Any CPU.ActiveCfg = Debug|Any CPU
		{B3B2D927-01C4-44FD-B5FE-42E80914881F}.Debug|Any CPU.Build.0 = Debug|Any CPU
		{B3B2D927-01C4-44FD-B5FE-42E80914881F}.Release|Any CPU.ActiveCfg = Release|Any CPU
		{B3B2D927-01C4-44FD-B5FE-42E80914881F}.Release|Any CPU.Build.0 = Release|Any CPU
	EndGlobalSection
	GlobalSection(SolutionProperties) = preSolution
		HideSolutionNode = FALSE
	EndGlobalSection
	GlobalSection(ExtensibilityGlobals) = postSolution
		SolutionGuid = {0A76075B-8670-4AA6-8528-4CDA376F64BC}
	EndGlobalSection
EndGlobal
